
Microsoft Visual Studio Solution File, Format Version 12.00
Project("{FAE04EC0-301F-11D3-BF4B-00C04F79EFBC}") = "TopAcademyAPI.Journal", "TopAcademyAPI.Journal\TopAcademyAPI.Journal.csproj", "{D476A753-82AF-44C0-B8D3-C5FD7233FAC0}"
EndProject
Project("{FAE04EC0-301F-11D3-BF4B-00C04F79EFBC}") = "TopAcademyAPI.Examples", "TopAcademyAPI.Examples\TopAcademyAPI.Examples.csproj", "{9324E7AE-5AE4-422C-8324-C9789C04F3BB}"
EndProject
Global
	GlobalSection(SolutionConfigurationPlatforms) = preSolution
		Debug|Any CPU = Debug|Any CPU
		Release|Any CPU = Release|Any CPU
	EndGlobalSection
	GlobalSection(ProjectConfigurationPlatforms) = postSolution
		{D476A753-82AF-44C0-B8D3-C5FD7233FAC0}.Debug|Any CPU.ActiveCfg = Debug|Any CPU
		{D476A753-82AF-44C0-B8D3-C5FD7233FAC0}.Debug|Any CPU.Build.0 = Debug|Any CPU
		{D476A753-82AF-44C0-B8D3-C5FD7233FAC0}.Release|Any CPU.ActiveCfg = Release|Any CPU
		{D476A753-82AF-44C0-B8D3-C5FD7233FAC0}.Release|Any CPU.Build.0 = Release|Any CPU
		{9324E7AE-5AE4-422C-8324-C9789C04F3BB}.Debug|Any CPU.ActiveCfg = Debug|Any CPU
		{9324E7AE-5AE4-422C-8324-C9789C04F3BB}.Debug|Any CPU.Build.0 = Debug|Any CPU
		{9324E7AE-5AE4-422C-8324-C9789C04F3BB}.Release|Any CPU.ActiveCfg = Release|Any CPU
		{9324E7AE-5AE4-422C-8324-C9789C04F3BB}.Release|Any CPU.Build.0 = Release|Any CPU
	EndGlobalSection
EndGlobal
